// !$*UTF8*$!
{
	archiveVersion = 1;
	classes = {
	};
	objectVersion = 50;
	objects = {

/* Begin PBXBuildFile section */
		8C8199F322B2777300C60158 /* AppRowView.swift in Sources */ = {isa = PBXBuildFile; fileRef = 8C8199F222B2777300C60158 /* AppRowView.swift */; };
		8CBFB3D622B1986000BE244F /* AppDelegate.swift in Sources */ = {isa = PBXBuildFile; fileRef = 8CBFB3D522B1986000BE244F /* AppDelegate.swift */; };
		8CBFB3D822B1986000BE244F /* ContentView.swift in Sources */ = {isa = PBXBuildFile; fileRef = 8CBFB3D722B1986000BE244F /* ContentView.swift */; };
		8CBFB3DA22B1986000BE244F /* Assets.xcassets in Resources */ = {isa = PBXBuildFile; fileRef = 8CBFB3D922B1986000BE244F /* Assets.xcassets */; };
		8CBFB3DD22B1986000BE244F /* Preview Assets.xcassets in Resources */ = {isa = PBXBuildFile; fileRef = 8CBFB3DC22B1986000BE244F /* Preview Assets.xcassets */; };
		8CBFB3E022B1986000BE244F /* Main.storyboard in Resources */ = {isa = PBXBuildFile; fileRef = 8CBFB3DE22B1986000BE244F /* Main.storyboard */; };
		8CBFB3E922B19B1600BE244F /* AppModel.swift in Sources */ = {isa = PBXBuildFile; fileRef = 8CBFB3E822B19B1600BE244F /* AppModel.swift */; };
		8CBFB3EB22B19B8900BE244F /* AppList.swift in Sources */ = {isa = PBXBuildFile; fileRef = 8CBFB3EA22B19B8900BE244F /* AppList.swift */; };
		8CBFB3ED22B19BD900BE244F /* AppScanner.swift in Sources */ = {isa = PBXBuildFile; fileRef = 8CBFB3EC22B19BD900BE244F /* AppScanner.swift */; };
		8CBFB3EF22B1AA3000BE244F /* AppInfo.swift in Sources */ = {isa = PBXBuildFile; fileRef = 8CBFB3EE22B1AA3000BE244F /* AppInfo.swift */; };
/* End PBXBuildFile section */

/* Begin PBXFileReference section */
		8C8199F222B2777300C60158 /* AppRowView.swift */ = {isa = PBXFileReference; lastKnownFileType = sourcecode.swift; path = AppRowView.swift; sourceTree = "<group>"; };
		8CBFB3D222B1986000BE244F /* DarkModeSwitcher.app */ = {isa = PBXFileReference; explicitFileType = wrapper.application; includeInIndex = 0; path = DarkModeSwitcher.app; sourceTree = BUILT_PRODUCTS_DIR; };
		8CBFB3D522B1986000BE244F /* AppDelegate.swift */ = {isa = PBXFileReference; lastKnownFileType = sourcecode.swift; path = AppDelegate.swift; sourceTree = "<group>"; };
		8CBFB3D722B1986000BE244F /* ContentView.swift */ = {isa = PBXFileReference; lastKnownFileType = sourcecode.swift; path = ContentView.swift; sourceTree = "<group>"; };
		8CBFB3D922B1986000BE244F /* Assets.xcassets */ = {isa = PBXFileReference; lastKnownFileType = folder.assetcatalog; path = Assets.xcassets; sourceTree = "<group>"; };
		8CBFB3DC22B1986000BE244F /* Preview Assets.xcassets */ = {isa = PBXFileReference; lastKnownFileType = folder.assetcatalog; path = "Preview Assets.xcassets"; sourceTree = "<group>"; };
		8CBFB3DF22B1986000BE244F /* Base */ = {isa = PBXFileReference; lastKnownFileType = file.storyboard; name = Base; path = Base.lproj/Main.storyboard; sourceTree = "<group>"; };
		8CBFB3E122B1986000BE244F /* Info.plist */ = {isa = PBXFileReference; lastKnownFileType = text.plist.xml; path = Info.plist; sourceTree = "<group>"; };
		8CBFB3E222B1986000BE244F /* DarkModeSwitcher.entitlements */ = {isa = PBXFileReference; lastKnownFileType = text.plist.entitlements; path = DarkModeSwitcher.entitlements; sourceTree = "<group>"; };
		8CBFB3E822B19B1600BE244F /* AppModel.swift */ = {isa = PBXFileReference; lastKnownFileType = sourcecode.swift; path = AppModel.swift; sourceTree = "<group>"; };
		8CBFB3EA22B19B8900BE244F /* AppList.swift */ = {isa = PBXFileReference; lastKnownFileType = sourcecode.swift; path = AppList.swift; sourceTree = "<group>"; };
		8CBFB3EC22B19BD900BE244F /* AppScanner.swift */ = {isa = PBXFileReference; lastKnownFileType = sourcecode.swift; path = AppScanner.swift; sourceTree = "<group>"; };
		8CBFB3EE22B1AA3000BE244F /* AppInfo.swift */ = {isa = PBXFileReference; lastKnownFileType = sourcecode.swift; path = AppInfo.swift; sourceTree = "<group>"; };
/* End PBXFileReference section */

/* Begin PBXFrameworksBuildPhase section */
		8CBFB3CF22B1986000BE244F /* Frameworks */ = {
			isa = PBXFrameworksBuildPhase;
			buildActionMask = 2147483647;
			files = (
			);
			runOnlyForDeploymentPostprocessing = 0;
		};
/* End PBXFrameworksBuildPhase section */

/* Begin PBXGroup section */
		8CBFB3C922B1986000BE244F = {
			isa = PBXGroup;
			children = (
				8CBFB3D422B1986000BE244F /* DarkModeSwitcher */,
				8CBFB3D322B1986000BE244F /* Products */,
			);
			sourceTree = "<group>";
		};
		8CBFB3D322B1986000BE244F /* Products */ = {
			isa = PBXGroup;
			children = (
				8CBFB3D222B1986000BE244F /* DarkModeSwitcher.app */,
			);
			name = Products;
			sourceTree = "<group>";
		};
		8CBFB3D422B1986000BE244F /* DarkModeSwitcher */ = {
			isa = PBXGroup;
			children = (
				8CBFB3D522B1986000BE244F /* AppDelegate.swift */,
				8CBFB3EE22B1AA3000BE244F /* AppInfo.swift */,
				8CBFB3EA22B19B8900BE244F /* AppList.swift */,
				8CBFB3E822B19B1600BE244F /* AppModel.swift */,
				8C8199F222B2777300C60158 /* AppRowView.swift */,
				8CBFB3EC22B19BD900BE244F /* AppScanner.swift */,
				8CBFB3D722B1986000BE244F /* ContentView.swift */,
				8CBFB3D922B1986000BE244F /* Assets.xcassets */,
				8CBFB3DE22B1986000BE244F /* Main.storyboard */,
				8CBFB3E122B1986000BE244F /* Info.plist */,
				8CBFB3E222B1986000BE244F /* DarkModeSwitcher.entitlements */,
				8CBFB3DB22B1986000BE244F /* Preview Content */,
			);
			path = DarkModeSwitcher;
			sourceTree = "<group>";
		};
		8CBFB3DB22B1986000BE244F /* Preview Content */ = {
			isa = PBXGroup;
			children = (
				8CBFB3DC22B1986000BE244F /* Preview Assets.xcassets */,
			);
			path = "Preview Content";
			sourceTree = "<group>";
		};
/* End PBXGroup section */

/* Begin PBXNativeTarget section */
		8CBFB3D122B1986000BE244F /* DarkModeSwitcher */ = {
			isa = PBXNativeTarget;
			buildConfigurationList = 8CBFB3E522B1986000BE244F /* Build configuration list for PBXNativeTarget "DarkModeSwitcher" */;
			buildPhases = (
				8CBFB3CE22B1986000BE244F /* Sources */,
				8CBFB3CF22B1986000BE244F /* Frameworks */,
				8CBFB3D022B1986000BE244F /* Resources */,
			);
			buildRules = (
			);
			dependencies = (
			);
			name = DarkModeSwitcher;
			productName = DarkModeSwitcher;
			productReference = 8CBFB3D222B1986000BE244F /* DarkModeSwitcher.app */;
			productType = "com.apple.product-type.application";
		};
/* End PBXNativeTarget section */

/* Begin PBXProject section */
		8CBFB3CA22B1986000BE244F /* Project object */ = {
			isa = PBXProject;
			attributes = {
				LastSwiftUpdateCheck = 1100;
				LastUpgradeCheck = 1100;
				ORGANIZATIONNAME = "Kuba Suder";
				TargetAttributes = {
					8CBFB3D122B1986000BE244F = {
						CreatedOnToolsVersion = 11.0;
					};
				};
			};
			buildConfigurationList = 8CBFB3CD22B1986000BE244F /* Build configuration list for PBXProject "DarkModeSwitcher" */;
			compatibilityVersion = "Xcode 9.3";
			developmentRegion = en;
			hasScannedForEncodings = 0;
			knownRegions = (
				en,
				Base,
			);
			mainGroup = 8CBFB3C922B1986000BE244F;
			productRefGroup = 8CBFB3D322B1986000BE244F /* Products */;
			projectDirPath = "";
			projectRoot = "";
			targets = (
				8CBFB3D122B1986000BE244F /* DarkModeSwitcher */,
			);
		};
/* End PBXProject section */

/* Begin PBXResourcesBuildPhase section */
		8CBFB3D022B1986000BE244F /* Resources */ = {
			isa = PBXResourcesBuildPhase;
			buildActionMask = 2147483647;
			files = (
				8CBFB3E022B1986000BE244F /* Main.storyboard in Resources */,
				8CBFB3DD22B1986000BE244F /* Preview Assets.xcassets in Resources */,
				8CBFB3DA22B1986000BE244F /* Assets.xcassets in Resources */,
			);
			runOnlyForDeploymentPostprocessing = 0;
		};
/* End PBXResourcesBuildPhase section */

/* Begin PBXSourcesBuildPhase section */
		8CBFB3CE22B1986000BE244F /* Sources */ = {
			isa = PBXSourcesBuildPhase;
			buildActionMask = 2147483647;
			files = (
				8CBFB3D822B1986000BE244F /* ContentView.swift in Sources */,
				8CBFB3EB22B19B8900BE244F /* AppList.swift in Sources */,
				8CBFB3E922B19B1600BE244F /* AppModel.swift in Sources */,
				8CBFB3D622B1986000BE244F /* AppDelegate.swift in Sources */,
				8CBFB3ED22B19BD900BE244F /* AppScanner.swift in Sources */,
				8CBFB3EF22B1AA3000BE244F /* AppInfo.swift in Sources */,
				8C8199F322B2777300C60158 /* AppRowView.swift in Sources */,
			);
			runOnlyForDeploymentPostprocessing = 0;
		};
/* End PBXSourcesBuildPhase section */

/* Begin PBXVariantGroup section */
		8CBFB3DE22B1986000BE244F /* Main.storyboard */ = {
			isa = PBXVariantGroup;
			children = (
				8CBFB3DF22B1986000BE244F /* Base */,
			);
			name = Main.storyboard;
			sourceTree = "<group>";
		};
/* End PBXVariantGroup section */

/* Begin XCBuildConfiguration section */
		8CBFB3E322B1986000BE244F /* Debug */ = {
			isa = XCBuildConfiguration;
			buildSettings = {
				ALWAYS_SEARCH_USER_PATHS = NO;
				CLANG_ANALYZER_NONNULL = YES;
				CLANG_ANALYZER_NUMBER_OBJECT_CONVERSION = YES_AGGRESSIVE;
				CLANG_CXX_LANGUAGE_STANDARD = "gnu++14";
				CLANG_CXX_LIBRARY = "libc++";
				CLANG_ENABLE_MODULES = YES;
				CLANG_ENABLE_OBJC_ARC = YES;
				CLANG_ENABLE_OBJC_WEAK = YES;
				CLANG_WARN_BLOCK_CAPTURE_AUTORELEASING = YES;
				CLANG_WARN_BOOL_CONVERSION = YES;
				CLANG_WARN_COMMA = YES;
				CLANG_WARN_CONSTANT_CONVERSION = YES;
				CLANG_WARN_DEPRECATED_OBJC_IMPLEMENTATIONS = YES;
				CLANG_WARN_DIRECT_OBJC_ISA_USAGE = YES_ERROR;
				CLANG_WARN_DOCUMENTATION_COMMENTS = YES;
				CLANG_WARN_EMPTY_BODY = YES;
				CLANG_WARN_ENUM_CONVERSION = YES;
				CLANG_WARN_INFINITE_RECURSION = YES;
				CLANG_WARN_INT_CONVERSION = YES;
				CLANG_WARN_NON_LITERAL_NULL_CONVERSION = YES;
				CLANG_WARN_OBJC_IMPLICIT_RETAIN_SELF = YES;
				CLANG_WARN_OBJC_LITERAL_CONVERSION = YES;
				CLANG_WARN_OBJC_ROOT_CLASS = YES_ERROR;
				CLANG_WARN_RANGE_LOOP_ANALYSIS = YES;
				CLANG_WARN_STRICT_PROTOTYPES = YES;
				CLANG_WARN_SUSPICIOUS_MOVE = YES;
				CLANG_WARN_UNGUARDED_AVAILABILITY = YES_AGGRESSIVE;
				CLANG_WARN_UNREACHABLE_CODE = YES;
				CLANG_WARN__DUPLICATE_METHOD_MATCH = YES;
				COPY_PHASE_STRIP = NO;
				DEBUG_INFORMATION_FORMAT = dwarf;
				ENABLE_STRICT_OBJC_MSGSEND = YES;
				ENABLE_TESTABILITY = YES;
				GCC_C_LANGUAGE_STANDARD = gnu11;
				GCC_DYNAMIC_NO_PIC = NO;
				GCC_NO_COMMON_BLOCKS = YES;
				GCC_OPTIMIZATION_LEVEL = 0;
				GCC_PREPROCESSOR_DEFINITIONS = (
					"DEBUG=1",
					"$(inherited)",
				);
				GCC_WARN_64_TO_32_BIT_CONVERSION = YES;
				GCC_WARN_ABOUT_RETURN_TYPE = YES_ERROR;
				GCC_WARN_UNDECLARED_SELECTOR = YES;
				GCC_WARN_UNINITIALIZED_AUTOS = YES_AGGRESSIVE;
				GCC_WARN_UNUSED_FUNCTION = YES;
				GCC_WARN_UNUSED_VARIABLE = YES;
				MACOSX_DEPLOYMENT_TARGET = 10.15;
				MTL_ENABLE_DEBUG_INFO = INCLUDE_SOURCE;
				MTL_FAST_MATH = YES;
				ONLY_ACTIVE_ARCH = YES;
				SDKROOT = macosx;
				SWIFT_ACTIVE_COMPILATION_CONDITIONS = DEBUG;
				SWIFT_OPTIMIZATION_LEVEL = "-Onone";
			};
			name = Debug;
		};
		8CBFB3E422B1986000BE244F /* Release */ = {
			isa = XCBuildConfiguration;
			buildSettings = {
				ALWAYS_SEARCH_USER_PATHS = NO;
				CLANG_ANALYZER_NONNULL = YES;
				CLANG_ANALYZER_NUMBER_OBJECT_CONVERSION = YES_AGGRESSIVE;
				CLANG_CXX_LANGUAGE_STANDARD = "gnu++14";
				CLANG_CXX_LIBRARY = "libc++";
				CLANG_ENABLE_MODULES = YES;
				CLANG_ENABLE_OBJC_ARC = YES;
				CLANG_ENABLE_OBJC_WEAK = YES;
				CLANG_WARN_BLOCK_CAPTURE_AUTORELEASING = YES;
				CLANG_WARN_BOOL_CONVERSION = YES;
				CLANG_WARN_COMMA = YES;
				CLANG_WARN_CONSTANT_CONVERSION = YES;
				CLANG_WARN_DEPRECATED_OBJC_IMPLEMENTATIONS = YES;
				CLANG_WARN_DIRECT_OBJC_ISA_USAGE = YES_ERROR;
				CLANG_WARN_DOCUMENTATION_COMMENTS = YES;
				CLANG_WARN_EMPTY_BODY = YES;
				CLANG_WARN_ENUM_CONVERSION = YES;
				CLANG_WARN_INFINITE_RECURSION = YES;
				CLANG_WARN_INT_CONVERSION = YES;
				CLANG_WARN_NON_LITERAL_NULL_CONVERSION = YES;
				CLANG_WARN_OBJC_IMPLICIT_RETAIN_SELF = YES;
				CLANG_WARN_OBJC_LITERAL_CONVERSION = YES;
				CLANG_WARN_OBJC_ROOT_CLASS = YES_ERROR;
				CLANG_WARN_RANGE_LOOP_ANALYSIS = YES;
				CLANG_WARN_STRICT_PROTOTYPES = YES;
				CLANG_WARN_SUSPICIOUS_MOVE = YES;
				CLANG_WARN_UNGUARDED_AVAILABILITY = YES_AGGRESSIVE;
				CLANG_WARN_UNREACHABLE_CODE = YES;
				CLANG_WARN__DUPLICATE_METHOD_MATCH = YES;
				COPY_PHASE_STRIP = NO;
				DEBUG_INFORMATION_FORMAT = "dwarf-with-dsym";
				ENABLE_NS_ASSERTIONS = NO;
				ENABLE_STRICT_OBJC_MSGSEND = YES;
				GCC_C_LANGUAGE_STANDARD = gnu11;
				GCC_NO_COMMON_BLOCKS = YES;
				GCC_WARN_64_TO_32_BIT_CONVERSION = YES;
				GCC_WARN_ABOUT_RETURN_TYPE = YES_ERROR;
				GCC_WARN_UNDECLARED_SELECTOR = YES;
				GCC_WARN_UNINITIALIZED_AUTOS = YES_AGGRESSIVE;
				GCC_WARN_UNUSED_FUNCTION = YES;
				GCC_WARN_UNUSED_VARIABLE = YES;
				MACOSX_DEPLOYMENT_TARGET = 10.15;
				MTL_ENABLE_DEBUG_INFO = NO;
				MTL_FAST_MATH = YES;
				SDKROOT = macosx;
				SWIFT_COMPILATION_MODE = wholemodule;
				SWIFT_OPTIMIZATION_LEVEL = "-O";
			};
			name = Release;
		};
		8CBFB3E622B1986000BE244F /* Debug */ = {
			isa = XCBuildConfiguration;
			buildSettings = {
				ASSETCATALOG_COMPILER_APPICON_NAME = AppIcon;
				CODE_SIGN_ENTITLEMENTS = DarkModeSwitcher/DarkModeSwitcher.entitlements;
				CODE_SIGN_STYLE = Automatic;
				COMBINE_HIDPI_IMAGES = YES;
				DEVELOPMENT_ASSET_PATHS = "DarkModeSwitcher/Preview\\ Content";
				DEVELOPMENT_TEAM = KL585M628D;
				ENABLE_HARDENED_RUNTIME = YES;
				ENABLE_PREVIEWS = YES;
				INFOPLIST_FILE = DarkModeSwitcher/Info.plist;
				LD_RUNPATH_SEARCH_PATHS = (
					"$(inherited)",
					"@executable_path/../Frameworks",
				);
				PRODUCT_BUNDLE_IDENTIFIER = eu.mackuba.DarkModeSwitcher;
				PRODUCT_NAME = "$(TARGET_NAME)";
				SWIFT_VERSION = 5.0;
			};
			name = Debug;
		};
		8CBFB3E722B1986000BE244F /* Release */ = {
			isa = XCBuildConfiguration;
			buildSettings = {
				ASSETCATALOG_COMPILER_APPICON_NAME = AppIcon;
				CODE_SIGN_ENTITLEMENTS = DarkModeSwitcher/DarkModeSwitcher.entitlements;
				CODE_SIGN_STYLE = Automatic;
				COMBINE_HIDPI_IMAGES = YES;
				DEVELOPMENT_ASSET_PATHS = "DarkModeSwitcher/Preview\\ Content";
				DEVELOPMENT_TEAM = KL585M628D;
				ENABLE_HARDENED_RUNTIME = YES;
				ENABLE_PREVIEWS = YES;
				INFOPLIST_FILE = DarkModeSwitcher/Info.plist;
				LD_RUNPATH_SEARCH_PATHS = (
					"$(inherited)",
					"@executable_path/../Frameworks",
				);
				PRODUCT_BUNDLE_IDENTIFIER = eu.mackuba.DarkModeSwitcher;
				PRODUCT_NAME = "$(TARGET_NAME)";
				SWIFT_VERSION = 5.0;
			};
			name = Release;
		};
/* End XCBuildConfiguration section */

/* Begin XCConfigurationList section */
		8CBFB3CD22B1986000BE244F /* Build configuration list for PBXProject "DarkModeSwitcher" */ = {
			isa = XCConfigurationList;
			buildConfigurations = (
				8CBFB3E322B1986000BE244F /* Debug */,
				8CBFB3E422B1986000BE244F /* Release */,
			);
			defaultConfigurationIsVisible = 0;
			defaultConfigurationName = Release;
		};
		8CBFB3E522B1986000BE244F /* Build configuration list for PBXNativeTarget "DarkModeSwitcher" */ = {
			isa = XCConfigurationList;
			buildConfigurations = (
				8CBFB3E622B1986000BE244F /* Debug */,
				8CBFB3E722B1986000BE244F /* Release */,
			);
			defaultConfigurationIsVisible = 0;
			defaultConfigurationName = Release;
		};
/* End XCConfigurationList section */
	};
	rootObject = 8CBFB3CA22B1986000BE244F /* Project object */;
}
